// !$*UTF8*$!
{
	archiveVersion = 1;
	classes = {
	};
	objectVersion = 46;
	objects = {

/* Begin PBXBuildFile section */
		2DD379C81917DF9100564690 /* spiderman.png in Resources */ = {isa = PBXBuildFile; fileRef = 2DD379C71917DF9100564690 /* spiderman.png */; };
		2DEE4B2D1917AC6300DBAF93 /* Foundation.framework in Frameworks */ = {isa = PBXBuildFile; fileRef = 2DEE4B2C1917AC6300DBAF93 /* Foundation.framework */; };
		2DEE4B2F1917AC6300DBAF93 /* CoreGraphics.framework in Frameworks */ = {isa = PBXBuildFile; fileRef = 2DEE4B2E1917AC6300DBAF93 /* CoreGraphics.framework */; };
		2DEE4B311917AC6300DBAF93 /* UIKit.framework in Frameworks */ = {isa = PBXBuildFile; fileRef = 2DEE4B301917AC6300DBAF93 /* UIKit.framework */; };
		2DEE4B371917AC6300DBAF93 /* InfoPlist.strings in Resources */ = {isa = PBXBuildFile; fileRef = 2DEE4B351917AC6300DBAF93 /* InfoPlist.strings */; };
		2DEE4B391917AC6300DBAF93 /* main.m in Sources */ = {isa = PBXBuildFile; fileRef = 2DEE4B381917AC6300DBAF93 /* main.m */; };
		2DEE4B3D1917AC6300DBAF93 /* AppDelegate.m in Sources */ = {isa = PBXBuildFile; fileRef = 2DEE4B3C1917AC6300DBAF93 /* AppDelegate.m */; };
		2DEE4B401917AC6300DBAF93 /* SizzleLogin.storyboard in Resources */ = {isa = PBXBuildFile; fileRef = 2DEE4B3E1917AC6300DBAF93 /* SizzleLogin.storyboard */; };
		2DEE4B431917AC6300DBAF93 /* SizzleLoginViewController.m in Sources */ = {isa = PBXBuildFile; fileRef = 2DEE4B421917AC6300DBAF93 /* SizzleLoginViewController.m */; };
		2DEE4B451917AC6300DBAF93 /* Images.xcassets in Resources */ = {isa = PBXBuildFile; fileRef = 2DEE4B441917AC6300DBAF93 /* Images.xcassets */; };
		2DEE4B4C1917AC6400DBAF93 /* XCTest.framework in Frameworks */ = {isa = PBXBuildFile; fileRef = 2DEE4B4B1917AC6400DBAF93 /* XCTest.framework */; };
		2DEE4B4D1917AC6400DBAF93 /* Foundation.framework in Frameworks */ = {isa = PBXBuildFile; fileRef = 2DEE4B2C1917AC6300DBAF93 /* Foundation.framework */; };
		2DEE4B4E1917AC6400DBAF93 /* UIKit.framework in Frameworks */ = {isa = PBXBuildFile; fileRef = 2DEE4B301917AC6300DBAF93 /* UIKit.framework */; };
		2DEE4B561917AC6400DBAF93 /* InfoPlist.strings in Resources */ = {isa = PBXBuildFile; fileRef = 2DEE4B541917AC6400DBAF93 /* InfoPlist.strings */; };
		2DEE4B581917AC6400DBAF93 /* SizzleLoginTests.m in Sources */ = {isa = PBXBuildFile; fileRef = 2DEE4B571917AC6400DBAF93 /* SizzleLoginTests.m */; };
		2DEE4B641917CCC700DBAF93 /* selfie.png in Resources */ = {isa = PBXBuildFile; fileRef = 2DEE4B631917CCC700DBAF93 /* selfie.png */; };
/* End PBXBuildFile section */

/* Begin PBXContainerItemProxy section */
		2DEE4B4F1917AC6400DBAF93 /* PBXContainerItemProxy */ = {
			isa = PBXContainerItemProxy;
			containerPortal = 2DEE4B211917AC6300DBAF93 /* Project object */;
			proxyType = 1;
			remoteGlobalIDString = 2DEE4B281917AC6300DBAF93;
			remoteInfo = SizzleLogin;
		};
/* End PBXContainerItemProxy section */

/* Begin PBXFileReference section */
		2DD379C71917DF9100564690 /* spiderman.png */ = {isa = PBXFileReference; lastKnownFileType = image.png; path = spiderman.png; sourceTree = "<group>"; };
		2DEE4B291917AC6300DBAF93 /* SizzleLogin.app */ = {isa = PBXFileReference; explicitFileType = wrapper.application; includeInIndex = 0; path = SizzleLogin.app; sourceTree = BUILT_PRODUCTS_DIR; };
		2DEE4B2C1917AC6300DBAF93 /* Foundation.framework */ = {isa = PBXFileReference; lastKnownFileType = wrapper.framework; name = Foundation.framework; path = System/Library/Frameworks/Foundation.framework; sourceTree = SDKROOT; };
		2DEE4B2E1917AC6300DBAF93 /* CoreGraphics.framework */ = {isa = PBXFileReference; lastKnownFileType = wrapper.framework; name = CoreGraphics.framework; path = System/Library/Frameworks/CoreGraphics.framework; sourceTree = SDKROOT; };
		2DEE4B301917AC6300DBAF93 /* UIKit.framework */ = {isa = PBXFileReference; lastKnownFileType = wrapper.framework; name = UIKit.framework; path = System/Library/Frameworks/UIKit.framework; sourceTree = SDKROOT; };
		2DEE4B341917AC6300DBAF93 /* SizzleLogin-Info.plist */ = {isa = PBXFileReference; lastKnownFileType = text.plist.xml; path = "SizzleLogin-Info.plist"; sourceTree = "<group>"; };
		2DEE4B361917AC6300DBAF93 /* en */ = {isa = PBXFileReference; lastKnownFileType = text.plist.strings; name = en; path = en.lproj/InfoPlist.strings; sourceTree = "<group>"; };
		2DEE4B381917AC6300DBAF93 /* main.m */ = {isa = PBXFileReference; lastKnownFileType = sourcecode.c.objc; path = main.m; sourceTree = "<group>"; };
		2DEE4B3A1917AC6300DBAF93 /* SizzleLogin-Prefix.pch */ = {isa = PBXFileReference; lastKnownFileType = sourcecode.c.h; path = "SizzleLogin-Prefix.pch"; sourceTree = "<group>"; };
		2DEE4B3B1917AC6300DBAF93 /* AppDelegate.h */ = {isa = PBXFileReference; lastKnownFileType = sourcecode.c.h; path = AppDelegate.h; sourceTree = "<group>"; };
		2DEE4B3C1917AC6300DBAF93 /* AppDelegate.m */ = {isa = PBXFileReference; lastKnownFileType = sourcecode.c.objc; path = AppDelegate.m; sourceTree = "<group>"; };
		2DEE4B3F1917AC6300DBAF93 /* Base */ = {isa = PBXFileReference; lastKnownFileType = file.storyboard; name = Base; path = Base.lproj/SizzleLogin.storyboard; sourceTree = "<group>"; };
		2DEE4B411917AC6300DBAF93 /* SizzleLoginViewController.h */ = {isa = PBXFileReference; lastKnownFileType = sourcecode.c.h; path = SizzleLoginViewController.h; sourceTree = "<group>"; };
		2DEE4B421917AC6300DBAF93 /* SizzleLoginViewController.m */ = {isa = PBXFileReference; lastKnownFileType = sourcecode.c.objc; path = SizzleLoginViewController.m; sourceTree = "<group>"; };
		2DEE4B441917AC6300DBAF93 /* Images.xcassets */ = {isa = PBXFileReference; lastKnownFileType = folder.assetcatalog; path = Images.xcassets; sourceTree = "<group>"; };
		2DEE4B4A1917AC6400DBAF93 /* SizzleLoginTests.xctest */ = {isa = PBXFileReference; explicitFileType = wrapper.cfbundle; includeInIndex = 0; path = SizzleLoginTests.xctest; sourceTree = BUILT_PRODUCTS_DIR; };
		2DEE4B4B1917AC6400DBAF93 /* XCTest.framework */ = {isa = PBXFileReference; lastKnownFileType = wrapper.framework; name = XCTest.framework; path = Library/Frameworks/XCTest.framework; sourceTree = DEVELOPER_DIR; };
		2DEE4B531917AC6400DBAF93 /* SizzleLoginTests-Info.plist */ = {isa = PBXFileReference; lastKnownFileType = text.plist.xml; path = "SizzleLoginTests-Info.plist"; sourceTree = "<group>"; };
		2DEE4B551917AC6400DBAF93 /* en */ = {isa = PBXFileReference; lastKnownFileType = text.plist.strings; name = en; path = en.lproj/InfoPlist.strings; sourceTree = "<group>"; };
		2DEE4B571917AC6400DBAF93 /* SizzleLoginTests.m */ = {isa = PBXFileReference; lastKnownFileType = sourcecode.c.objc; path = SizzleLoginTests.m; sourceTree = "<group>"; };
		2DEE4B631917CCC700DBAF93 /* selfie.png */ = {isa = PBXFileReference; lastKnownFileType = image.png; path = selfie.png; sourceTree = "<group>"; };
/* End PBXFileReference section */

/* Begin PBXFrameworksBuildPhase section */
		2DEE4B261917AC6300DBAF93 /* Frameworks */ = {
			isa = PBXFrameworksBuildPhase;
			buildActionMask = 2147483647;
			files = (
				2DEE4B2F1917AC6300DBAF93 /* CoreGraphics.framework in Frameworks */,
				2DEE4B311917AC6300DBAF93 /* UIKit.framework in Frameworks */,
				2DEE4B2D1917AC6300DBAF93 /* Foundation.framework in Frameworks */,
			);
			runOnlyForDeploymentPostprocessing = 0;
		};
		2DEE4B471917AC6400DBAF93 /* Frameworks */ = {
			isa = PBXFrameworksBuildPhase;
			buildActionMask = 2147483647;
			files = (
				2DEE4B4C1917AC6400DBAF93 /* XCTest.framework in Frameworks */,
				2DEE4B4E1917AC6400DBAF93 /* UIKit.framework in Frameworks */,
				2DEE4B4D1917AC6400DBAF93 /* Foundation.framework in Frameworks */,
			);
			runOnlyForDeploymentPostprocessing = 0;
		};
/* End PBXFrameworksBuildPhase section */

/* Begin PBXGroup section */
		2DEE4B201917AC6300DBAF93 = {
			isa = PBXGroup;
			children = (
				2DEE4B321917AC6300DBAF93 /* SizzleLogin */,
				2DEE4B511917AC6400DBAF93 /* SizzleLoginTests */,
				2DEE4B2B1917AC6300DBAF93 /* Frameworks */,
				2DEE4B2A1917AC6300DBAF93 /* Products */,
			);
			sourceTree = "<group>";
		};
		2DEE4B2A1917AC6300DBAF93 /* Products */ = {
			isa = PBXGroup;
			children = (
				2DEE4B291917AC6300DBAF93 /* SizzleLogin.app */,
				2DEE4B4A1917AC6400DBAF93 /* SizzleLoginTests.xctest */,
			);
			name = Products;
			sourceTree = "<group>";
		};
		2DEE4B2B1917AC6300DBAF93 /* Frameworks */ = {
			isa = PBXGroup;
			children = (
				2DEE4B2C1917AC6300DBAF93 /* Foundation.framework */,
				2DEE4B2E1917AC6300DBAF93 /* CoreGraphics.framework */,
				2DEE4B301917AC6300DBAF93 /* UIKit.framework */,
				2DEE4B4B1917AC6400DBAF93 /* XCTest.framework */,
			);
			name = Frameworks;
			sourceTree = "<group>";
		};
		2DEE4B321917AC6300DBAF93 /* SizzleLogin */ = {
			isa = PBXGroup;
			children = (
				2DD379C71917DF9100564690 /* spiderman.png */,
				2DEE4B631917CCC700DBAF93 /* selfie.png */,
				2DEE4B3B1917AC6300DBAF93 /* AppDelegate.h */,
				2DEE4B3C1917AC6300DBAF93 /* AppDelegate.m */,
				2DEE4B3E1917AC6300DBAF93 /* SizzleLogin.storyboard */,
				2DEE4B411917AC6300DBAF93 /* SizzleLoginViewController.h */,
				2DEE4B421917AC6300DBAF93 /* SizzleLoginViewController.m */,
				2DEE4B441917AC6300DBAF93 /* Images.xcassets */,
				2DEE4B331917AC6300DBAF93 /* Supporting Files */,
			);
			path = SizzleLogin;
			sourceTree = "<group>";
		};
		2DEE4B331917AC6300DBAF93 /* Supporting Files */ = {
			isa = PBXGroup;
			children = (
				2DEE4B341917AC6300DBAF93 /* SizzleLogin-Info.plist */,
				2DEE4B351917AC6300DBAF93 /* InfoPlist.strings */,
				2DEE4B381917AC6300DBAF93 /* main.m */,
				2DEE4B3A1917AC6300DBAF93 /* SizzleLogin-Prefix.pch */,
			);
			name = "Supporting Files";
			sourceTree = "<group>";
		};
		2DEE4B511917AC6400DBAF93 /* SizzleLoginTests */ = {
			isa = PBXGroup;
			children = (
				2DEE4B571917AC6400DBAF93 /* SizzleLoginTests.m */,
				2DEE4B521917AC6400DBAF93 /* Supporting Files */,
			);
			path = SizzleLoginTests;
			sourceTree = "<group>";
		};
		2DEE4B521917AC6400DBAF93 /* Supporting Files */ = {
			isa = PBXGroup;
			children = (
				2DEE4B531917AC6400DBAF93 /* SizzleLoginTests-Info.plist */,
				2DEE4B541917AC6400DBAF93 /* InfoPlist.strings */,
			);
			name = "Supporting Files";
			sourceTree = "<group>";
		};
/* End PBXGroup section */

/* Begin PBXNativeTarget section */
		2DEE4B281917AC6300DBAF93 /* SizzleLogin */ = {
			isa = PBXNativeTarget;
			buildConfigurationList = 2DEE4B5B1917AC6400DBAF93 /* Build configuration list for PBXNativeTarget "SizzleLogin" */;
			buildPhases = (
				2DEE4B251917AC6300DBAF93 /* Sources */,
				2DEE4B261917AC6300DBAF93 /* Frameworks */,
				2DEE4B271917AC6300DBAF93 /* Resources */,
			);
			buildRules = (
			);
			dependencies = (
			);
			name = SizzleLogin;
			productName = SizzleLogin;
			productReference = 2DEE4B291917AC6300DBAF93 /* SizzleLogin.app */;
			productType = "com.apple.product-type.application";
		};
		2DEE4B491917AC6400DBAF93 /* SizzleLoginTests */ = {
			isa = PBXNativeTarget;
			buildConfigurationList = 2DEE4B5E1917AC6400DBAF93 /* Build configuration list for PBXNativeTarget "SizzleLoginTests" */;
			buildPhases = (
				2DEE4B461917AC6400DBAF93 /* Sources */,
				2DEE4B471917AC6400DBAF93 /* Frameworks */,
				2DEE4B481917AC6400DBAF93 /* Resources */,
			);
			buildRules = (
			);
			dependencies = (
				2DEE4B501917AC6400DBAF93 /* PBXTargetDependency */,
			);
			name = SizzleLoginTests;
			productName = SizzleLoginTests;
			productReference = 2DEE4B4A1917AC6400DBAF93 /* SizzleLoginTests.xctest */;
			productType = "com.apple.product-type.bundle.unit-test";
		};
/* End PBXNativeTarget section */

/* Begin PBXProject section */
		2DEE4B211917AC6300DBAF93 /* Project object */ = {
			isa = PBXProject;
			attributes = {
				LastUpgradeCheck = 0510;
				ORGANIZATIONNAME = GlobalView;
				TargetAttributes = {
					2DEE4B491917AC6400DBAF93 = {
						TestTargetID = 2DEE4B281917AC6300DBAF93;
					};
				};
			};
			buildConfigurationList = 2DEE4B241917AC6300DBAF93 /* Build configuration list for PBXProject "SizzleLogin" */;
			compatibilityVersion = "Xcode 3.2";
			developmentRegion = English;
			hasScannedForEncodings = 0;
			knownRegions = (
				en,
				Base,
			);
			mainGroup = 2DEE4B201917AC6300DBAF93;
			productRefGroup = 2DEE4B2A1917AC6300DBAF93 /* Products */;
			projectDirPath = "";
			projectRoot = "";
			targets = (
				2DEE4B281917AC6300DBAF93 /* SizzleLogin */,
				2DEE4B491917AC6400DBAF93 /* SizzleLoginTests */,
			);
		};
/* End PBXProject section */

/* Begin PBXResourcesBuildPhase section */
		2DEE4B271917AC6300DBAF93 /* Resources */ = {
			isa = PBXResourcesBuildPhase;
			buildActionMask = 2147483647;
			files = (
				2DEE4B451917AC6300DBAF93 /* Images.xcassets in Resources */,
				2DEE4B641917CCC700DBAF93 /* selfie.png in Resources */,
				2DEE4B371917AC6300DBAF93 /* InfoPlist.strings in Resources */,
				2DD379C81917DF9100564690 /* spiderman.png in Resources */,
				2DEE4B401917AC6300DBAF93 /* SizzleLogin.storyboard in Resources */,
			);
			runOnlyForDeploymentPostprocessing = 0;
		};
		2DEE4B481917AC6400DBAF93 /* Resources */ = {
			isa = PBXResourcesBuildPhase;
			buildActionMask = 2147483647;
			files = (
				2DEE4B561917AC6400DBAF93 /* InfoPlist.strings in Resources */,
			);
			runOnlyForDeploymentPostprocessing = 0;
		};
/* End PBXResourcesBuildPhase section */

/* Begin PBXSourcesBuildPhase section */
		2DEE4B251917AC6300DBAF93 /* Sources */ = {
			isa = PBXSourcesBuildPhase;
			buildActionMask = 2147483647;
			files = (
				2DEE4B431917AC6300DBAF93 /* SizzleLoginViewController.m in Sources */,
				2DEE4B3D1917AC6300DBAF93 /* AppDelegate.m in Sources */,
				2DEE4B391917AC6300DBAF93 /* main.m in Sources */,
			);
			runOnlyForDeploymentPostprocessing = 0;
		};
		2DEE4B461917AC6400DBAF93 /* Sources */ = {
			isa = PBXSourcesBuildPhase;
			buildActionMask = 2147483647;
			files = (
				2DEE4B581917AC6400DBAF93 /* SizzleLoginTests.m in Sources */,
			);
			runOnlyForDeploymentPostprocessing = 0;
		};
/* End PBXSourcesBuildPhase section */

/* Begin PBXTargetDependency section */
		2DEE4B501917AC6400DBAF93 /* PBXTargetDependency */ = {
			isa = PBXTargetDependency;
			target = 2DEE4B281917AC6300DBAF93 /* SizzleLogin */;
			targetProxy = 2DEE4B4F1917AC6400DBAF93 /* PBXContainerItemProxy */;
		};
/* End PBXTargetDependency section */

/* Begin PBXVariantGroup section */
		2DEE4B351917AC6300DBAF93 /* InfoPlist.strings */ = {
			isa = PBXVariantGroup;
			children = (
				2DEE4B361917AC6300DBAF93 /* en */,
			);
			name = InfoPlist.strings;
			sourceTree = "<group>";
		};
		2DEE4B3E1917AC6300DBAF93 /* SizzleLogin.storyboard */ = {
			isa = PBXVariantGroup;
			children = (
				2DEE4B3F1917AC6300DBAF93 /* Base */,
			);
			name = SizzleLogin.storyboard;
			sourceTree = "<group>";
		};
		2DEE4B541917AC6400DBAF93 /* InfoPlist.strings */ = {
			isa = PBXVariantGroup;
			children = (
				2DEE4B551917AC6400DBAF93 /* en */,
			);
			name = InfoPlist.strings;
			sourceTree = "<group>";
		};
/* End PBXVariantGroup section */

/* Begin XCBuildConfiguration section */
		2DEE4B591917AC6400DBAF93 /* Debug */ = {
			isa = XCBuildConfiguration;
			buildSettings = {
				ALWAYS_SEARCH_USER_PATHS = NO;
				CLANG_CXX_LANGUAGE_STANDARD = "gnu++0x";
				CLANG_CXX_LIBRARY = "libc++";
				CLANG_ENABLE_MODULES = YES;
				CLANG_ENABLE_OBJC_ARC = YES;
				CLANG_WARN_BOOL_CONVERSION = YES;
				CLANG_WARN_CONSTANT_CONVERSION = YES;
				CLANG_WARN_DIRECT_OBJC_ISA_USAGE = YES_ERROR;
				CLANG_WARN_EMPTY_BODY = YES;
				CLANG_WARN_ENUM_CONVERSION = YES;
				CLANG_WARN_INT_CONVERSION = YES;
				CLANG_WARN_OBJC_ROOT_CLASS = YES_ERROR;
				CLANG_WARN__DUPLICATE_METHOD_MATCH = YES;
				"CODE_SIGN_IDENTITY[sdk=iphoneos*]" = "iPhone Developer";
				COPY_PHASE_STRIP = NO;
				GCC_C_LANGUAGE_STANDARD = gnu99;
				GCC_DYNAMIC_NO_PIC = NO;
				GCC_OPTIMIZATION_LEVEL = 0;
				GCC_PREPROCESSOR_DEFINITIONS = (
					"DEBUG=1",
					"$(inherited)",
				);
				GCC_SYMBOLS_PRIVATE_EXTERN = NO;
				GCC_WARN_64_TO_32_BIT_CONVERSION = YES;
				GCC_WARN_ABOUT_RETURN_TYPE = YES_ERROR;
				GCC_WARN_UNDECLARED_SELECTOR = YES;
				GCC_WARN_UNINITIALIZED_AUTOS = YES_AGGRESSIVE;
				GCC_WARN_UNUSED_FUNCTION = YES;
				GCC_WARN_UNUSED_VARIABLE = YES;
				IPHONEOS_DEPLOYMENT_TARGET = 7.1;
				ONLY_ACTIVE_ARCH = YES;
				SDKROOT = iphoneos;
			};
			name = Debug;
		};
		2DEE4B5A1917AC6400DBAF93 /* Release */ = {
			isa = XCBuildConfiguration;
			buildSettings = {
				ALWAYS_SEARCH_USER_PATHS = NO;
				CLANG_CXX_LANGUAGE_STANDARD = "gnu++0x";
				CLANG_CXX_LIBRARY = "libc++";
				CLANG_ENABLE_MODULES = YES;
				CLANG_ENABLE_OBJC_ARC = YES;
				CLANG_WARN_BOOL_CONVERSION = YES;
				CLANG_WARN_CONSTANT_CONVERSION = YES;
				CLANG_WARN_DIRECT_OBJC_ISA_USAGE = YES_ERROR;
				CLANG_WARN_EMPTY_BODY = YES;
				CLANG_WARN_ENUM_CONVERSION = YES;
				CLANG_WARN_INT_CONVERSION = YES;
				CLANG_WARN_OBJC_ROOT_CLASS = YES_ERROR;
				CLANG_WARN__DUPLICATE_METHOD_MATCH = YES;
				"CODE_SIGN_IDENTITY[sdk=iphoneos*]" = "iPhone Developer";
				COPY_PHASE_STRIP = YES;
				ENABLE_NS_ASSERTIONS = NO;
				GCC_C_LANGUAGE_STANDARD = gnu99;
				GCC_WARN_64_TO_32_BIT_CONVERSION = YES;
				GCC_WARN_ABOUT_RETURN_TYPE = YES_ERROR;
				GCC_WARN_UNDECLARED_SELECTOR = YES;
				GCC_WARN_UNINITIALIZED_AUTOS = YES_AGGRESSIVE;
				GCC_WARN_UNUSED_FUNCTION = YES;
				GCC_WARN_UNUSED_VARIABLE = YES;
				IPHONEOS_DEPLOYMENT_TARGET = 7.1;
				SDKROOT = iphoneos;
				VALIDATE_PRODUCT = YES;
			};
			name = Release;
		};
		2DEE4B5C1917AC6400DBAF93 /* Debug */ = {
			isa = XCBuildConfiguration;
			buildSettings = {
				ASSETCATALOG_COMPILER_APPICON_NAME = AppIcon;
				ASSETCATALOG_COMPILER_LAUNCHIMAGE_NAME = LaunchImage;
				GCC_PRECOMPILE_PREFIX_HEADER = YES;
				GCC_PREFIX_HEADER = "SizzleLogin/SizzleLogin-Prefix.pch";
				INFOPLIST_FILE = "SizzleLogin/SizzleLogin-Info.plist";
				PRODUCT_NAME = "$(TARGET_NAME)";
				WRAPPER_EXTENSION = app;
			};
			name = Debug;
		};
		2DEE4B5D1917AC6400DBAF93 /* Release */ = {
			isa = XCBuildConfiguration;
			buildSettings = {
				ASSETCATALOG_COMPILER_APPICON_NAME = AppIcon;
				ASSETCATALOG_COMPILER_LAUNCHIMAGE_NAME = LaunchImage;
				GCC_PRECOMPILE_PREFIX_HEADER = YES;
				GCC_PREFIX_HEADER = "SizzleLogin/SizzleLogin-Prefix.pch";
				INFOPLIST_FILE = "SizzleLogin/SizzleLogin-Info.plist";
				PRODUCT_NAME = "$(TARGET_NAME)";
				WRAPPER_EXTENSION = app;
			};
			name = Release;
		};
		2DEE4B5F1917AC6400DBAF93 /* Debug */ = {
			isa = XCBuildConfiguration;
			buildSettings = {
				BUNDLE_LOADER = "$(BUILT_PRODUCTS_DIR)/SizzleLogin.app/SizzleLogin";
				FRAMEWORK_SEARCH_PATHS = (
					"$(SDKROOT)/Developer/Library/Frameworks",
					"$(inherited)",
					"$(DEVELOPER_FRAMEWORKS_DIR)",
				);
				GCC_PRECOMPILE_PREFIX_HEADER = YES;
				GCC_PREFIX_HEADER = "SizzleLogin/SizzleLogin-Prefix.pch";
				GCC_PREPROCESSOR_DEFINITIONS = (
					"DEBUG=1",
					"$(inherited)",
				);
				INFOPLIST_FILE = "SizzleLoginTests/SizzleLoginTests-Info.plist";
				PRODUCT_NAME = "$(TARGET_NAME)";
				TEST_HOST = "$(BUNDLE_LOADER)";
				WRAPPER_EXTENSION = xctest;
			};
			name = Debug;
		};
		2DEE4B601917AC6400DBAF93 /* Release */ = {
			isa = XCBuildConfiguration;
			buildSettings = {
				BUNDLE_LOADER = "$(BUILT_PRODUCTS_DIR)/SizzleLogin.app/SizzleLogin";
				FRAMEWORK_SEARCH_PATHS = (
					"$(SDKROOT)/Developer/Library/Frameworks",
					"$(inherited)",
					"$(DEVELOPER_FRAMEWORKS_DIR)",
				);
				GCC_PRECOMPILE_PREFIX_HEADER = YES;
				GCC_PREFIX_HEADER = "SizzleLogin/SizzleLogin-Prefix.pch";
				INFOPLIST_FILE = "SizzleLoginTests/SizzleLoginTests-Info.plist";
				PRODUCT_NAME = "$(TARGET_NAME)";
				TEST_HOST = "$(BUNDLE_LOADER)";
				WRAPPER_EXTENSION = xctest;
			};
			name = Release;
		};
/* End XCBuildConfiguration section */

/* Begin XCConfigurationList section */
		2DEE4B241917AC6300DBAF93 /* Build configuration list for PBXProject "SizzleLogin" */ = {
			isa = XCConfigurationList;
			buildConfigurations = (
				2DEE4B591917AC6400DBAF93 /* Debug */,
				2DEE4B5A1917AC6400DBAF93 /* Release */,
			);
			defaultConfigurationIsVisible = 0;
			defaultConfigurationName = Release;
		};
		2DEE4B5B1917AC6400DBAF93 /* Build configuration list for PBXNativeTarget "SizzleLogin" */ = {
			isa = XCConfigurationList;
			buildConfigurations = (
				2DEE4B5C1917AC6400DBAF93 /* Debug */,
				2DEE4B5D1917AC6400DBAF93 /* Release */,
			);
			defaultConfigurationIsVisible = 0;
			defaultConfigurationName = Release;
		};
		2DEE4B5E1917AC6400DBAF93 /* Build configuration list for PBXNativeTarget "SizzleLoginTests" */ = {
			isa = XCConfigurationList;
			buildConfigurations = (
				2DEE4B5F1917AC6400DBAF93 /* Debug */,
				2DEE4B601917AC6400DBAF93 /* Release */,
			);
			defaultConfigurationIsVisible = 0;
			defaultConfigurationName = Release;
		};
/* End XCConfigurationList section */
	};
	rootObject = 2DEE4B211917AC6300DBAF93 /* Project object */;
}
